// !$*UTF8*$!
{
	archiveVersion = 1;
	classes = {
	};
	objectVersion = 50;
	objects = {

/* Begin PBXBuildFile section */
		2604C6CA25046C8E009AF5BA /* DemoHelloVC.swift in Sources */ = {isa = PBXBuildFile; fileRef = 2604C6C925046C8E009AF5BA /* DemoHelloVC.swift */; };
		26CD9F3625042FEC00CA9586 /* AppDelegate.swift in Sources */ = {isa = PBXBuildFile; fileRef = 26CD9F3525042FEC00CA9586 /* AppDelegate.swift */; };
		26CD9F3825042FEC00CA9586 /* SceneDelegate.swift in Sources */ = {isa = PBXBuildFile; fileRef = 26CD9F3725042FEC00CA9586 /* SceneDelegate.swift */; };
		26CD9F3A25042FEC00CA9586 /* ViewController.swift in Sources */ = {isa = PBXBuildFile; fileRef = 26CD9F3925042FEC00CA9586 /* ViewController.swift */; };
		26CD9F3D25042FEC00CA9586 /* Main.storyboard in Resources */ = {isa = PBXBuildFile; fileRef = 26CD9F3B25042FEC00CA9586 /* Main.storyboard */; };
		26CD9F3F25042FEF00CA9586 /* Assets.xcassets in Resources */ = {isa = PBXBuildFile; fileRef = 26CD9F3E25042FEF00CA9586 /* Assets.xcassets */; };
		26CD9F4225042FEF00CA9586 /* LaunchScreen.storyboard in Resources */ = {isa = PBXBuildFile; fileRef = 26CD9F4025042FEF00CA9586 /* LaunchScreen.storyboard */; };
/* End PBXBuildFile section */

/* Begin PBXFileReference section */
		2604C6C925046C8E009AF5BA /* DemoHelloVC.swift */ = {isa = PBXFileReference; lastKnownFileType = sourcecode.swift; path = DemoHelloVC.swift; sourceTree = "<group>"; };
		26CD9F3225042FEC00CA9586 /* Demo-Hello.app */ = {isa = PBXFileReference; explicitFileType = wrapper.application; includeInIndex = 0; path = "Demo-Hello.app"; sourceTree = BUILT_PRODUCTS_DIR; };
		26CD9F3525042FEC00CA9586 /* AppDelegate.swift */ = {isa = PBXFileReference; lastKnownFileType = sourcecode.swift; path = AppDelegate.swift; sourceTree = "<group>"; };
		26CD9F3725042FEC00CA9586 /* SceneDelegate.swift */ = {isa = PBXFileReference; lastKnownFileType = sourcecode.swift; path = SceneDelegate.swift; sourceTree = "<group>"; };
		26CD9F3925042FEC00CA9586 /* ViewController.swift */ = {isa = PBXFileReference; lastKnownFileType = sourcecode.swift; path = ViewController.swift; sourceTree = "<group>"; };
		26CD9F3C25042FEC00CA9586 /* Base */ = {isa = PBXFileReference; lastKnownFileType = file.storyboard; name = Base; path = Base.lproj/Main.storyboard; sourceTree = "<group>"; };
		26CD9F3E25042FEF00CA9586 /* Assets.xcassets */ = {isa = PBXFileReference; lastKnownFileType = folder.assetcatalog; path = Assets.xcassets; sourceTree = "<group>"; };
		26CD9F4125042FEF00CA9586 /* Base */ = {isa = PBXFileReference; lastKnownFileType = file.storyboard; name = Base; path = Base.lproj/LaunchScreen.storyboard; sourceTree = "<group>"; };
		26CD9F4325042FEF00CA9586 /* Info.plist */ = {isa = PBXFileReference; lastKnownFileType = text.plist.xml; path = Info.plist; sourceTree = "<group>"; };
/* End PBXFileReference section */

/* Begin PBXFrameworksBuildPhase section */
		26CD9F2F25042FEC00CA9586 /* Frameworks */ = {
			isa = PBXFrameworksBuildPhase;
			buildActionMask = 2147483647;
			files = (
			);
			runOnlyForDeploymentPostprocessing = 0;
		};
/* End PBXFrameworksBuildPhase section */

/* Begin PBXGroup section */
		26CD9F2925042FEC00CA9586 = {
			isa = PBXGroup;
			children = (
				26CD9F3425042FEC00CA9586 /* Demo-Hello */,
				26CD9F3325042FEC00CA9586 /* Products */,
			);
			sourceTree = "<group>";
		};
		26CD9F3325042FEC00CA9586 /* Products */ = {
			isa = PBXGroup;
			children = (
				26CD9F3225042FEC00CA9586 /* Demo-Hello.app */,
			);
			name = Products;
			sourceTree = "<group>";
		};
		26CD9F3425042FEC00CA9586 /* Demo-Hello */ = {
			isa = PBXGroup;
			children = (
				26CD9F3525042FEC00CA9586 /* AppDelegate.swift */,
				26CD9F3725042FEC00CA9586 /* SceneDelegate.swift */,
				26CD9F3925042FEC00CA9586 /* ViewController.swift */,
				26CD9F3B25042FEC00CA9586 /* Main.storyboard */,
				2604C6C925046C8E009AF5BA /* DemoHelloVC.swift */,
				26CD9F3E25042FEF00CA9586 /* Assets.xcassets */,
				26CD9F4025042FEF00CA9586 /* LaunchScreen.storyboard */,
				26CD9F4325042FEF00CA9586 /* Info.plist */,
			);
			path = "Demo-Hello";
			sourceTree = "<group>";
		};
/* End PBXGroup section */

/* Begin PBXNativeTarget section */
		26CD9F3125042FEC00CA9586 /* Demo-Hello */ = {
			isa = PBXNativeTarget;
			buildConfigurationList = 26CD9F4625042FEF00CA9586 /* Build configuration list for PBXNativeTarget "Demo-Hello" */;
			buildPhases = (
				26CD9F2E25042FEC00CA9586 /* Sources */,
				26CD9F2F25042FEC00CA9586 /* Frameworks */,
				26CD9F3025042FEC00CA9586 /* Resources */,
			);
			buildRules = (
			);
			dependencies = (
			);
			name = "Demo-Hello";
			productName = "Demo-Hello";
			productReference = 26CD9F3225042FEC00CA9586 /* Demo-Hello.app */;
			productType = "com.apple.product-type.application";
		};
/* End PBXNativeTarget section */

/* Begin PBXProject section */
		26CD9F2A25042FEC00CA9586 /* Project object */ = {
			isa = PBXProject;
			attributes = {
				LastSwiftUpdateCheck = 1170;
				LastUpgradeCheck = 1170;
				ORGANIZATIONNAME = "Emil Safier";
				TargetAttributes = {
					26CD9F3125042FEC00CA9586 = {
						CreatedOnToolsVersion = 11.7;
					};
				};
			};
			buildConfigurationList = 26CD9F2D25042FEC00CA9586 /* Build configuration list for PBXProject "Demo-Hello" */;
			compatibilityVersion = "Xcode 9.3";
			developmentRegion = en;
			hasScannedForEncodings = 0;
			knownRegions = (
				en,
				Base,
			);
			mainGroup = 26CD9F2925042FEC00CA9586;
			productRefGroup = 26CD9F3325042FEC00CA9586 /* Products */;
			projectDirPath = "";
			projectRoot = "";
			targets = (
				26CD9F3125042FEC00CA9586 /* Demo-Hello */,
			);
		};
/* End PBXProject section */

/* Begin PBXResourcesBuildPhase section */
		26CD9F3025042FEC00CA9586 /* Resources */ = {
			isa = PBXResourcesBuildPhase;
			buildActionMask = 2147483647;
			files = (
				26CD9F4225042FEF00CA9586 /* LaunchScreen.storyboard in Resources */,
				26CD9F3F25042FEF00CA9586 /* Assets.xcassets in Resources */,
				26CD9F3D25042FEC00CA9586 /* Main.storyboard in Resources */,
			);
			runOnlyForDeploymentPostprocessing = 0;
		};
/* End PBXResourcesBuildPhase section */

/* Begin PBXSourcesBuildPhase section */
		26CD9F2E25042FEC00CA9586 /* Sources */ = {
			isa = PBXSourcesBuildPhase;
			buildActionMask = 2147483647;
			files = (
				26CD9F3A25042FEC00CA9586 /* ViewController.swift in Sources */,
				26CD9F3625042FEC00CA9586 /* AppDelegate.swift in Sources */,
				2604C6CA25046C8E009AF5BA /* DemoHelloVC.swift in Sources */,
				26CD9F3825042FEC00CA9586 /* SceneDelegate.swift in Sources */,
			);
			runOnlyForDeploymentPostprocessing = 0;
		};
/* End PBXSourcesBuildPhase section */

/* Begin PBXVariantGroup section */
		26CD9F3B25042FEC00CA9586 /* Main.storyboard */ = {
			isa = PBXVariantGroup;
			children = (
				26CD9F3C25042FEC00CA9586 /* Base */,
			);
			name = Main.storyboard;
			sourceTree = "<group>";
		};
		26CD9F4025042FEF00CA9586 /* LaunchScreen.storyboard */ = {
			isa = PBXVariantGroup;
			children = (
				26CD9F4125042FEF00CA9586 /* Base */,
			);
			name = LaunchScreen.storyboard;
			sourceTree = "<group>";
		};
/* End PBXVariantGroup section */

/* Begin XCBuildConfiguration section */
		26CD9F4425042FEF00CA9586 /* Debug */ = {
			isa = XCBuildConfiguration;
			buildSettings = {
				ALWAYS_SEARCH_USER_PATHS = NO;
				CLANG_ANALYZER_NONNULL = YES;
				CLANG_ANALYZER_NUMBER_OBJECT_CONVERSION = YES_AGGRESSIVE;
				CLANG_CXX_LANGUAGE_STANDARD = "gnu++14";
				CLANG_CXX_LIBRARY = "libc++";
				CLANG_ENABLE_MODULES = YES;
				CLANG_ENABLE_OBJC_ARC = YES;
				CLANG_ENABLE_OBJC_WEAK = YES;
				CLANG_WARN_BLOCK_CAPTURE_AUTORELEASING = YES;
				CLANG_WARN_BOOL_CONVERSION = YES;
				CLANG_WARN_COMMA = YES;
				CLANG_WARN_CONSTANT_CONVERSION = YES;
				CLANG_WARN_DEPRECATED_OBJC_IMPLEMENTATIONS = YES;
				CLANG_WARN_DIRECT_OBJC_ISA_USAGE = YES_ERROR;
				CLANG_WARN_DOCUMENTATION_COMMENTS = YES;
				CLANG_WARN_EMPTY_BODY = YES;
				CLANG_WARN_ENUM_CONVERSION = YES;
				CLANG_WARN_INFINITE_RECURSION = YES;
				CLANG_WARN_INT_CONVERSION = YES;
				CLANG_WARN_NON_LITERAL_NULL_CONVERSION = YES;
				CLANG_WARN_OBJC_IMPLICIT_RETAIN_SELF = YES;
				CLANG_WARN_OBJC_LITERAL_CONVERSION = YES;
				CLANG_WARN_OBJC_ROOT_CLASS = YES_ERROR;
				CLANG_WARN_RANGE_LOOP_ANALYSIS = YES;
				CLANG_WARN_STRICT_PROTOTYPES = YES;
				CLANG_WARN_SUSPICIOUS_MOVE = YES;
				CLANG_WARN_UNGUARDED_AVAILABILITY = YES_AGGRESSIVE;
				CLANG_WARN_UNREACHABLE_CODE = YES;
				CLANG_WARN__DUPLICATE_METHOD_MATCH = YES;
				COPY_PHASE_STRIP = NO;
				DEBUG_INFORMATION_FORMAT = dwarf;
				ENABLE_STRICT_OBJC_MSGSEND = YES;
				ENABLE_TESTABILITY = YES;
				GCC_C_LANGUAGE_STANDARD = gnu11;
				GCC_DYNAMIC_NO_PIC = NO;
				GCC_NO_COMMON_BLOCKS = YES;
				GCC_OPTIMIZATION_LEVEL = 0;
				GCC_PREPROCESSOR_DEFINITIONS = (
					"DEBUG=1",
					"$(inherited)",
				);
				GCC_WARN_64_TO_32_BIT_CONVERSION = YES;
				GCC_WARN_ABOUT_RETURN_TYPE = YES_ERROR;
				GCC_WARN_UNDECLARED_SELECTOR = YES;
				GCC_WARN_UNINITIALIZED_AUTOS = YES_AGGRESSIVE;
				GCC_WARN_UNUSED_FUNCTION = YES;
				GCC_WARN_UNUSED_VARIABLE = YES;
				IPHONEOS_DEPLOYMENT_TARGET = 13.7;
				MTL_ENABLE_DEBUG_INFO = INCLUDE_SOURCE;
				MTL_FAST_MATH = YES;
				ONLY_ACTIVE_ARCH = YES;
				SDKROOT = iphoneos;
				SWIFT_ACTIVE_COMPILATION_CONDITIONS = DEBUG;
				SWIFT_OPTIMIZATION_LEVEL = "-Onone";
			};
			name = Debug;
		};
		26CD9F4525042FEF00CA9586 /* Release */ = {
			isa = XCBuildConfiguration;
			buildSettings = {
				ALWAYS_SEARCH_USER_PATHS = NO;
				CLANG_ANALYZER_NONNULL = YES;
				CLANG_ANALYZER_NUMBER_OBJECT_CONVERSION = YES_AGGRESSIVE;
				CLANG_CXX_LANGUAGE_STANDARD = "gnu++14";
				CLANG_CXX_LIBRARY = "libc++";
				CLANG_ENABLE_MODULES = YES;
				CLANG_ENABLE_OBJC_ARC = YES;
				CLANG_ENABLE_OBJC_WEAK = YES;
				CLANG_WARN_BLOCK_CAPTURE_AUTORELEASING = YES;
				CLANG_WARN_BOOL_CONVERSION = YES;
				CLANG_WARN_COMMA = YES;
				CLANG_WARN_CONSTANT_CONVERSION = YES;
				CLANG_WARN_DEPRECATED_OBJC_IMPLEMENTATIONS = YES;
				CLANG_WARN_DIRECT_OBJC_ISA_USAGE = YES_ERROR;
				CLANG_WARN_DOCUMENTATION_COMMENTS = YES;
				CLANG_WARN_EMPTY_BODY = YES;
				CLANG_WARN_ENUM_CONVERSION = YES;
				CLANG_WARN_INFINITE_RECURSION = YES;
				CLANG_WARN_INT_CONVERSION = YES;
				CLANG_WARN_NON_LITERAL_NULL_CONVERSION = YES;
				CLANG_WARN_OBJC_IMPLICIT_RETAIN_SELF = YES;
				CLANG_WARN_OBJC_LITERAL_CONVERSION = YES;
				CLANG_WARN_OBJC_ROOT_CLASS = YES_ERROR;
				CLANG_WARN_RANGE_LOOP_ANALYSIS = YES;
				CLANG_WARN_STRICT_PROTOTYPES = YES;
				CLANG_WARN_SUSPICIOUS_MOVE = YES;
				CLANG_WARN_UNGUARDED_AVAILABILITY = YES_AGGRESSIVE;
				CLANG_WARN_UNREACHABLE_CODE = YES;
				CLANG_WARN__DUPLICATE_METHOD_MATCH = YES;
				COPY_PHASE_STRIP = NO;
				DEBUG_INFORMATION_FORMAT = "dwarf-with-dsym";
				ENABLE_NS_ASSERTIONS = NO;
				ENABLE_STRICT_OBJC_MSGSEND = YES;
				GCC_C_LANGUAGE_STANDARD = gnu11;
				GCC_NO_COMMON_BLOCKS = YES;
				GCC_WARN_64_TO_32_BIT_CONVERSION = YES;
				GCC_WARN_ABOUT_RETURN_TYPE = YES_ERROR;
				GCC_WARN_UNDECLARED_SELECTOR = YES;
				GCC_WARN_UNINITIALIZED_AUTOS = YES_AGGRESSIVE;
				GCC_WARN_UNUSED_FUNCTION = YES;
				GCC_WARN_UNUSED_VARIABLE = YES;
				IPHONEOS_DEPLOYMENT_TARGET = 13.7;
				MTL_ENABLE_DEBUG_INFO = NO;
				MTL_FAST_MATH = YES;
				SDKROOT = iphoneos;
				SWIFT_COMPILATION_MODE = wholemodule;
				SWIFT_OPTIMIZATION_LEVEL = "-O";
				VALIDATE_PRODUCT = YES;
			};
			name = Release;
		};
		26CD9F4725042FEF00CA9586 /* Debug */ = {
			isa = XCBuildConfiguration;
			buildSettings = {
				ASSETCATALOG_COMPILER_APPICON_NAME = AppIcon;
				CODE_SIGN_STYLE = Automatic;
				DEVELOPMENT_TEAM = WH8B5RXB5B;
				INFOPLIST_FILE = "Demo-Hello/Info.plist";
				LD_RUNPATH_SEARCH_PATHS = (
					"$(inherited)",
					"@executable_path/Frameworks",
				);
				PRODUCT_BUNDLE_IDENTIFIER = "quantum.Demo-Hello";
				PRODUCT_NAME = "$(TARGET_NAME)";
				SWIFT_VERSION = 5.0;
				TARGETED_DEVICE_FAMILY = "1,2";
			};
			name = Debug;
		};
		26CD9F4825042FEF00CA9586 /* Release */ = {
			isa = XCBuildConfiguration;
			buildSettings = {
				ASSETCATALOG_COMPILER_APPICON_NAME = AppIcon;
				CODE_SIGN_STYLE = Automatic;
				DEVELOPMENT_TEAM = WH8B5RXB5B;
				INFOPLIST_FILE = "Demo-Hello/Info.plist";
				LD_RUNPATH_SEARCH_PATHS = (
					"$(inherited)",
					"@executable_path/Frameworks",
				);
				PRODUCT_BUNDLE_IDENTIFIER = "quantum.Demo-Hello";
				PRODUCT_NAME = "$(TARGET_NAME)";
				SWIFT_VERSION = 5.0;
				TARGETED_DEVICE_FAMILY = "1,2";
			};
			name = Release;
		};
/* End XCBuildConfiguration section */

/* Begin XCConfigurationList section */
		26CD9F2D25042FEC00CA9586 /* Build configuration list for PBXProject "Demo-Hello" */ = {
			isa = XCConfigurationList;
			buildConfigurations = (
				26CD9F4425042FEF00CA9586 /* Debug */,
				26CD9F4525042FEF00CA9586 /* Release */,
			);
			defaultConfigurationIsVisible = 0;
			defaultConfigurationName = Release;
		};
		26CD9F4625042FEF00CA9586 /* Build configuration list for PBXNativeTarget "Demo-Hello" */ = {
			isa = XCConfigurationList;
			buildConfigurations = (
				26CD9F4725042FEF00CA9586 /* Debug */,
				26CD9F4825042FEF00CA9586 /* Release */,
			);
			defaultConfigurationIsVisible = 0;
			defaultConfigurationName = Release;
		};
/* End XCConfigurationList section */
	};
	rootObject = 26CD9F2A25042FEC00CA9586 /* Project object */;
}
